
Microsoft Visual Studio Solution File, Format Version 12.00
# Visual Studio Version 17
VisualStudioVersion = 17.10.35027.167
MinimumVisualStudioVersion = 10.0.40219.1
Project("{FAE04EC0-301F-11D3-BF4B-00C04F79EFBC}") = "FundProgEx1", "FundProgEx1\FundProgEx1.csproj", "{04E191A1-5016-4994-8B16-8EF4A0DB0B57}"
EndProject
Global
	GlobalSection(SolutionConfigurationPlatforms) = preSolution
		Debug|Any CPU = Debug|Any CPU
		Release|Any CPU = Release|Any CPU
	EndGlobalSection
	GlobalSection(ProjectConfigurationPlatforms) = postSolution
		{04E191A1-5016-4994-8B16-8EF4A0DB0B57}.Debug|Any CPU.ActiveCfg = Debug|Any CPU
		{04E191A1-5016-4994-8B16-8EF4A0DB0B57}.Debug|Any CPU.Build.0 = Debug|Any CPU
		{04E191A1-5016-4994-8B16-8EF4A0DB0B57}.Release|Any CPU.ActiveCfg = Release|Any CPU
		{04E191A1-5016-4994-8B16-8EF4A0DB0B57}.Release|Any CPU.Build.0 = Release|Any CPU
	EndGlobalSection
	GlobalSection(SolutionProperties) = preSolution
		HideSolutionNode = FALSE
	EndGlobalSection
	GlobalSection(ExtensibilityGlobals) = postSolution
		SolutionGuid = {3C0B2234-5E34-42A8-AE0F-9D9736174893}
	EndGlobalSection
EndGlobal
